{
  "name": "dungeon-master-toolbox",
  "version": "1.0.0",
  "lockfileVersion": 1,
  "requires": true,
  "dependencies": {
    "element-theme-chalk": {
      "version": "2.2.2",
      "resolved": "https://registry.npmjs.org/element-theme-chalk/-/element-theme-chalk-2.2.2.tgz",
      "integrity": "sha512-mBGgz9okdd8nLF/b/1ofdY7Jyt84KESo2VCv/MzW3wxp9CL3Prx9ZXyaUMLYkLaQgdd8NKHDCmK+foKK1rVSow==",
      "dev": true
    }
  }
}
